
Microsoft Visual Studio Solution File, Format Version 12.00
# Visual Studio Version 17
VisualStudioVersion = 17.0.31903.59
MinimumVisualStudioVersion = 10.0.40219.1
Project("{FAE04EC0-301F-11D3-BF4B-00C04F79EFBC}") = "Curso_C#_Basico", "Curso_C#_Basico\Curso_C#_Basico.csproj", "{953B9981-DBD2-4A5D-9AB2-081D804F27CD}"
EndProject
Project("{FAE04EC0-301F-11D3-BF4B-00C04F79EFBC}") = "ProjetoPOO", "ProjetoPOO\ProjetoPOO.csproj", "{3B58B55F-0BB3-41CF-A50C-933061709C45}"
EndProject
Project("{FAE04EC0-301F-11D3-BF4B-00C04F79EFBC}") = "Curso_C#_Essentials", "Curso_C#_Essentials\Curso_C#_Essentials.csproj", "{15FD511F-FEE3-4A22-98C5-E0BBC6E8134C}"
EndProject
Project("{FAE04EC0-301F-11D3-BF4B-00C04F79EFBC}") = "Curso_SOLID", "Curso_SOLID\Curso_SOLID.csproj", "{4BDA52D5-601B-44A1-98CA-18F2F19FF3BC}"
EndProject
Project("{FAE04EC0-301F-11D3-BF4B-00C04F79EFBC}") = "Curso_Design_Patterns_C#", "Curso_Design_Patterns_C#\Curso_Design_Patterns_C#.csproj", "{027B4EAD-08BF-46E2-A175-0EC2819D7CE8}"
EndProject
Project("{2150E333-8FDC-42A3-9474-1A3956D46DE8}") = "Curso_Design_Patterns_C#", "Curso_Design_Patterns_C#", "{79BDB72D-1FAD-4012-915D-A7B443A10F33}"
EndProject
Project("{FAE04EC0-301F-11D3-BF4B-00C04F79EFBC}") = "FactoryPattern", "Curso_Design_Patterns_C#\FactoryPattern\FactoryPattern.csproj", "{BEF6122B-1A3B-4392-B1F1-87D580DA2BCC}"
EndProject
Project("{FAE04EC0-301F-11D3-BF4B-00C04F79EFBC}") = "AbstractFactory", "Curso_Design_Patterns_C#\AbstractFactory\AbstractFactory.csproj", "{2B3F1593-E1E4-4D8B-89AF-08990444A533}"
EndProject
Project("{FAE04EC0-301F-11D3-BF4B-00C04F79EFBC}") = "BuilderPattern", "Curso_Design_Patterns_C#\BuilderPattern\BuilderPattern.csproj", "{E76ECB0C-CC70-4E1A-8935-E5C2705138B6}"
EndProject
Project("{FAE04EC0-301F-11D3-BF4B-00C04F79EFBC}") = "AdapterPattern", "Curso_Design_Patterns_C#\AdapterPattern\AdapterPattern.csproj", "{E9F31C0B-1F50-4857-AD9B-D1C7AB6199D8}"
EndProject
Project("{FAE04EC0-301F-11D3-BF4B-00C04F79EFBC}") = "BridgePattern", "Curso_Design_Patterns_C#\BridgePattern\BridgePattern.csproj", "{2F434A2A-AB08-49DF-A4D4-74E24BAEB77B}"
EndProject
Project("{FAE04EC0-301F-11D3-BF4B-00C04F79EFBC}") = "ChainOfResponsabilityPattern", "Curso_Design_Patterns_C#\ChainOfResponsabilityPattern\ChainOfResponsabilityPattern.csproj", "{DB6CC968-A982-4D39-A07C-74AC1FE30793}"
EndProject
Project("{FAE04EC0-301F-11D3-BF4B-00C04F79EFBC}") = "CursoEFCore", "CursoEFCore\CursoEFCore.csproj", "{8375C856-A527-419E-AEEC-192B6AB509A0}"
EndProject
Global
	GlobalSection(SolutionConfigurationPlatforms) = preSolution
		Debug|Any CPU = Debug|Any CPU
		Release|Any CPU = Release|Any CPU
	EndGlobalSection
	GlobalSection(SolutionProperties) = preSolution
		HideSolutionNode = FALSE
	EndGlobalSection
	GlobalSection(ProjectConfigurationPlatforms) = postSolution
		{953B9981-DBD2-4A5D-9AB2-081D804F27CD}.Debug|Any CPU.ActiveCfg = Debug|Any CPU
		{953B9981-DBD2-4A5D-9AB2-081D804F27CD}.Debug|Any CPU.Build.0 = Debug|Any CPU
		{953B9981-DBD2-4A5D-9AB2-081D804F27CD}.Release|Any CPU.ActiveCfg = Release|Any CPU
		{953B9981-DBD2-4A5D-9AB2-081D804F27CD}.Release|Any CPU.Build.0 = Release|Any CPU
		{3B58B55F-0BB3-41CF-A50C-933061709C45}.Debug|Any CPU.ActiveCfg = Debug|Any CPU
		{3B58B55F-0BB3-41CF-A50C-933061709C45}.Debug|Any CPU.Build.0 = Debug|Any CPU
		{3B58B55F-0BB3-41CF-A50C-933061709C45}.Release|Any CPU.ActiveCfg = Release|Any CPU
		{3B58B55F-0BB3-41CF-A50C-933061709C45}.Release|Any CPU.Build.0 = Release|Any CPU
		{15FD511F-FEE3-4A22-98C5-E0BBC6E8134C}.Debug|Any CPU.ActiveCfg = Debug|Any CPU
		{15FD511F-FEE3-4A22-98C5-E0BBC6E8134C}.Debug|Any CPU.Build.0 = Debug|Any CPU
		{15FD511F-FEE3-4A22-98C5-E0BBC6E8134C}.Release|Any CPU.ActiveCfg = Release|Any CPU
		{15FD511F-FEE3-4A22-98C5-E0BBC6E8134C}.Release|Any CPU.Build.0 = Release|Any CPU
		{4BDA52D5-601B-44A1-98CA-18F2F19FF3BC}.Debug|Any CPU.ActiveCfg = Debug|Any CPU
		{4BDA52D5-601B-44A1-98CA-18F2F19FF3BC}.Debug|Any CPU.Build.0 = Debug|Any CPU
		{4BDA52D5-601B-44A1-98CA-18F2F19FF3BC}.Release|Any CPU.ActiveCfg = Release|Any CPU
		{4BDA52D5-601B-44A1-98CA-18F2F19FF3BC}.Release|Any CPU.Build.0 = Release|Any CPU
		{027B4EAD-08BF-46E2-A175-0EC2819D7CE8}.Debug|Any CPU.ActiveCfg = Debug|Any CPU
		{027B4EAD-08BF-46E2-A175-0EC2819D7CE8}.Debug|Any CPU.Build.0 = Debug|Any CPU
		{027B4EAD-08BF-46E2-A175-0EC2819D7CE8}.Release|Any CPU.ActiveCfg = Release|Any CPU
		{027B4EAD-08BF-46E2-A175-0EC2819D7CE8}.Release|Any CPU.Build.0 = Release|Any CPU
		{BEF6122B-1A3B-4392-B1F1-87D580DA2BCC}.Debug|Any CPU.ActiveCfg = Debug|Any CPU
		{BEF6122B-1A3B-4392-B1F1-87D580DA2BCC}.Debug|Any CPU.Build.0 = Debug|Any CPU
		{BEF6122B-1A3B-4392-B1F1-87D580DA2BCC}.Release|Any CPU.ActiveCfg = Release|Any CPU
		{BEF6122B-1A3B-4392-B1F1-87D580DA2BCC}.Release|Any CPU.Build.0 = Release|Any CPU
		{2B3F1593-E1E4-4D8B-89AF-08990444A533}.Debug|Any CPU.ActiveCfg = Debug|Any CPU
		{2B3F1593-E1E4-4D8B-89AF-08990444A533}.Debug|Any CPU.Build.0 = Debug|Any CPU
		{2B3F1593-E1E4-4D8B-89AF-08990444A533}.Release|Any CPU.ActiveCfg = Release|Any CPU
		{2B3F1593-E1E4-4D8B-89AF-08990444A533}.Release|Any CPU.Build.0 = Release|Any CPU
		{E76ECB0C-CC70-4E1A-8935-E5C2705138B6}.Debug|Any CPU.ActiveCfg = Debug|Any CPU
		{E76ECB0C-CC70-4E1A-8935-E5C2705138B6}.Debug|Any CPU.Build.0 = Debug|Any CPU
		{E76ECB0C-CC70-4E1A-8935-E5C2705138B6}.Release|Any CPU.ActiveCfg = Release|Any CPU
		{E76ECB0C-CC70-4E1A-8935-E5C2705138B6}.Release|Any CPU.Build.0 = Release|Any CPU
		{E9F31C0B-1F50-4857-AD9B-D1C7AB6199D8}.Debug|Any CPU.ActiveCfg = Debug|Any CPU
		{E9F31C0B-1F50-4857-AD9B-D1C7AB6199D8}.Debug|Any CPU.Build.0 = Debug|Any CPU
		{E9F31C0B-1F50-4857-AD9B-D1C7AB6199D8}.Release|Any CPU.ActiveCfg = Release|Any CPU
		{E9F31C0B-1F50-4857-AD9B-D1C7AB6199D8}.Release|Any CPU.Build.0 = Release|Any CPU
		{2F434A2A-AB08-49DF-A4D4-74E24BAEB77B}.Debug|Any CPU.ActiveCfg = Debug|Any CPU
		{2F434A2A-AB08-49DF-A4D4-74E24BAEB77B}.Debug|Any CPU.Build.0 = Debug|Any CPU
		{2F434A2A-AB08-49DF-A4D4-74E24BAEB77B}.Release|Any CPU.ActiveCfg = Release|Any CPU
		{2F434A2A-AB08-49DF-A4D4-74E24BAEB77B}.Release|Any CPU.Build.0 = Release|Any CPU
		{DB6CC968-A982-4D39-A07C-74AC1FE30793}.Debug|Any CPU.ActiveCfg = Debug|Any CPU
		{DB6CC968-A982-4D39-A07C-74AC1FE30793}.Debug|Any CPU.Build.0 = Debug|Any CPU
		{DB6CC968-A982-4D39-A07C-74AC1FE30793}.Release|Any CPU.ActiveCfg = Release|Any CPU
		{DB6CC968-A982-4D39-A07C-74AC1FE30793}.Release|Any CPU.Build.0 = Release|Any CPU
		{8375C856-A527-419E-AEEC-192B6AB509A0}.Debug|Any CPU.ActiveCfg = Debug|Any CPU
		{8375C856-A527-419E-AEEC-192B6AB509A0}.Debug|Any CPU.Build.0 = Debug|Any CPU
		{8375C856-A527-419E-AEEC-192B6AB509A0}.Release|Any CPU.ActiveCfg = Release|Any CPU
		{8375C856-A527-419E-AEEC-192B6AB509A0}.Release|Any CPU.Build.0 = Release|Any CPU
	EndGlobalSection
	GlobalSection(NestedProjects) = preSolution
		{027B4EAD-08BF-46E2-A175-0EC2819D7CE8} = {79BDB72D-1FAD-4012-915D-A7B443A10F33}
		{BEF6122B-1A3B-4392-B1F1-87D580DA2BCC} = {79BDB72D-1FAD-4012-915D-A7B443A10F33}
		{2B3F1593-E1E4-4D8B-89AF-08990444A533} = {79BDB72D-1FAD-4012-915D-A7B443A10F33}
		{E76ECB0C-CC70-4E1A-8935-E5C2705138B6} = {79BDB72D-1FAD-4012-915D-A7B443A10F33}
		{E9F31C0B-1F50-4857-AD9B-D1C7AB6199D8} = {79BDB72D-1FAD-4012-915D-A7B443A10F33}
		{2F434A2A-AB08-49DF-A4D4-74E24BAEB77B} = {79BDB72D-1FAD-4012-915D-A7B443A10F33}
		{DB6CC968-A982-4D39-A07C-74AC1FE30793} = {79BDB72D-1FAD-4012-915D-A7B443A10F33}
	EndGlobalSection
EndGlobal
